
Microsoft Visual Studio Solution File, Format Version 12.00
# Visual Studio Version 17
VisualStudioVersion = 17.3.32901.215
MinimumVisualStudioVersion = 10.0.40219.1
Project("{FAE04EC0-301F-11D3-BF4B-00C04F79EFBC}") = "DataObjects", "DataObjects.csproj", "{992094A7-5140-45C5-8D70-84E81D83B4DB}"
EndProject
Global
	GlobalSection(SolutionConfigurationPlatforms) = preSolution
		Debug|Any CPU = Debug|Any CPU
		Release|Any CPU = Release|Any CPU
	EndGlobalSection
	GlobalSection(ProjectConfigurationPlatforms) = postSolution
		{992094A7-5140-45C5-8D70-84E81D83B4DB}.Debug|Any CPU.ActiveCfg = Debug|Any CPU
		{992094A7-5140-45C5-8D70-84E81D83B4DB}.Debug|Any CPU.Build.0 = Debug|Any CPU
		{992094A7-5140-45C5-8D70-84E81D83B4DB}.Release|Any CPU.ActiveCfg = Release|Any CPU
		{992094A7-5140-45C5-8D70-84E81D83B4DB}.Release|Any CPU.Build.0 = Release|Any CPU
	EndGlobalSection
	GlobalSection(SolutionProperties) = preSolution
		HideSolutionNode = FALSE
	EndGlobalSection
	GlobalSection(ExtensibilityGlobals) = postSolution
		SolutionGuid = {DE5DD574-502F-4573-8127-AE3DF600594C}
	EndGlobalSection
EndGlobal
